
Microsoft Visual Studio Solution File, Format Version 12.00
# Visual Studio Version 16
VisualStudioVersion = 16.0.29025.244
MinimumVisualStudioVersion = 15.0.26124.0
Project("{9A19103F-16F7-4668-BE54-9A1E7A4F7556}") = "Xutils.Extensions", "Xutils.Extensions\Xutils.Extensions.csproj", "{414719E2-A257-4C75-B8FC-5B5E87A836B0}"
EndProject
Project("{9A19103F-16F7-4668-BE54-9A1E7A4F7556}") = "Xutils.Extensions.ASPNETCore", "Xutils.Extensions.ASPNETCore\Xutils.Extensions.ASPNETCore.csproj", "{164D2810-EA8A-4944-8901-DD3D6FEF6BE3}"
EndProject
Project("{9A19103F-16F7-4668-BE54-9A1E7A4F7556}") = "Xutils.ConsoleApp", "Xutils.ConsoleApp\Xutils.ConsoleApp.csproj", "{D03C7401-EFA9-4D57-80A6-EFB3F53CB3AE}"
EndProject
Global
	GlobalSection(SolutionConfigurationPlatforms) = preSolution
		Debug|Any CPU = Debug|Any CPU
		Debug|x64 = Debug|x64
		Debug|x86 = Debug|x86
		Release|Any CPU = Release|Any CPU
		Release|x64 = Release|x64
		Release|x86 = Release|x86
	EndGlobalSection
	GlobalSection(ProjectConfigurationPlatforms) = postSolution
		{414719E2-A257-4C75-B8FC-5B5E87A836B0}.Debug|Any CPU.ActiveCfg = Debug|Any CPU
		{414719E2-A257-4C75-B8FC-5B5E87A836B0}.Debug|Any CPU.Build.0 = Debug|Any CPU
		{414719E2-A257-4C75-B8FC-5B5E87A836B0}.Debug|x64.ActiveCfg = Debug|Any CPU
		{414719E2-A257-4C75-B8FC-5B5E87A836B0}.Debug|x64.Build.0 = Debug|Any CPU
		{414719E2-A257-4C75-B8FC-5B5E87A836B0}.Debug|x86.ActiveCfg = Debug|Any CPU
		{414719E2-A257-4C75-B8FC-5B5E87A836B0}.Debug|x86.Build.0 = Debug|Any CPU
		{414719E2-A257-4C75-B8FC-5B5E87A836B0}.Release|Any CPU.ActiveCfg = Release|Any CPU
		{414719E2-A257-4C75-B8FC-5B5E87A836B0}.Release|Any CPU.Build.0 = Release|Any CPU
		{414719E2-A257-4C75-B8FC-5B5E87A836B0}.Release|x64.ActiveCfg = Release|Any CPU
		{414719E2-A257-4C75-B8FC-5B5E87A836B0}.Release|x64.Build.0 = Release|Any CPU
		{414719E2-A257-4C75-B8FC-5B5E87A836B0}.Release|x86.ActiveCfg = Release|Any CPU
		{414719E2-A257-4C75-B8FC-5B5E87A836B0}.Release|x86.Build.0 = Release|Any CPU
		{164D2810-EA8A-4944-8901-DD3D6FEF6BE3}.Debug|Any CPU.ActiveCfg = Debug|Any CPU
		{164D2810-EA8A-4944-8901-DD3D6FEF6BE3}.Debug|Any CPU.Build.0 = Debug|Any CPU
		{164D2810-EA8A-4944-8901-DD3D6FEF6BE3}.Debug|x64.ActiveCfg = Debug|Any CPU
		{164D2810-EA8A-4944-8901-DD3D6FEF6BE3}.Debug|x64.Build.0 = Debug|Any CPU
		{164D2810-EA8A-4944-8901-DD3D6FEF6BE3}.Debug|x86.ActiveCfg = Debug|Any CPU
		{164D2810-EA8A-4944-8901-DD3D6FEF6BE3}.Debug|x86.Build.0 = Debug|Any CPU
		{164D2810-EA8A-4944-8901-DD3D6FEF6BE3}.Release|Any CPU.ActiveCfg = Release|Any CPU
		{164D2810-EA8A-4944-8901-DD3D6FEF6BE3}.Release|Any CPU.Build.0 = Release|Any CPU
		{164D2810-EA8A-4944-8901-DD3D6FEF6BE3}.Release|x64.ActiveCfg = Release|Any CPU
		{164D2810-EA8A-4944-8901-DD3D6FEF6BE3}.Release|x64.Build.0 = Release|Any CPU
		{164D2810-EA8A-4944-8901-DD3D6FEF6BE3}.Release|x86.ActiveCfg = Release|Any CPU
		{164D2810-EA8A-4944-8901-DD3D6FEF6BE3}.Release|x86.Build.0 = Release|Any CPU
		{D03C7401-EFA9-4D57-80A6-EFB3F53CB3AE}.Debug|Any CPU.ActiveCfg = Debug|Any CPU
		{D03C7401-EFA9-4D57-80A6-EFB3F53CB3AE}.Debug|Any CPU.Build.0 = Debug|Any CPU
		{D03C7401-EFA9-4D57-80A6-EFB3F53CB3AE}.Debug|x64.ActiveCfg = Debug|Any CPU
		{D03C7401-EFA9-4D57-80A6-EFB3F53CB3AE}.Debug|x64.Build.0 = Debug|Any CPU
		{D03C7401-EFA9-4D57-80A6-EFB3F53CB3AE}.Debug|x86.ActiveCfg = Debug|Any CPU
		{D03C7401-EFA9-4D57-80A6-EFB3F53CB3AE}.Debug|x86.Build.0 = Debug|Any CPU
		{D03C7401-EFA9-4D57-80A6-EFB3F53CB3AE}.Release|Any CPU.ActiveCfg = Release|Any CPU
		{D03C7401-EFA9-4D57-80A6-EFB3F53CB3AE}.Release|Any CPU.Build.0 = Release|Any CPU
		{D03C7401-EFA9-4D57-80A6-EFB3F53CB3AE}.Release|x64.ActiveCfg = Release|Any CPU
		{D03C7401-EFA9-4D57-80A6-EFB3F53CB3AE}.Release|x64.Build.0 = Release|Any CPU
		{D03C7401-EFA9-4D57-80A6-EFB3F53CB3AE}.Release|x86.ActiveCfg = Release|Any CPU
		{D03C7401-EFA9-4D57-80A6-EFB3F53CB3AE}.Release|x86.Build.0 = Release|Any CPU
	EndGlobalSection
	GlobalSection(SolutionProperties) = preSolution
		HideSolutionNode = FALSE
	EndGlobalSection
	GlobalSection(ExtensibilityGlobals) = postSolution
		SolutionGuid = {D84D9EE9-4CD2-4DE7-8D4B-5C5D1F5CF934}
	EndGlobalSection
EndGlobal
